
Microsoft Visual Studio Solution File, Format Version 12.00
# Visual Studio 14
VisualStudioVersion = 14.0.25123.0
MinimumVisualStudioVersion = 10.0.40219.1
Project("{FAE04EC0-301F-11D3-BF4B-00C04F79EFBC}") = "StabBlog", "StabBlog\StabBlog.csproj", "{94751A31-DFBB-4E56-8CEC-27292C2BBDFD}"
EndProject
Project("{FAE04EC0-301F-11D3-BF4B-00C04F79EFBC}") = "BLL", "BLL\BLL.csproj", "{C3B5424F-6F62-4C93-8A66-013A4DCE4876}"
EndProject
Project("{FAE04EC0-301F-11D3-BF4B-00C04F79EFBC}") = "Data", "Data\Data.csproj", "{8F1278CE-4DE3-4D86-9923-3C025F55AA9B}"
EndProject
Project("{FAE04EC0-301F-11D3-BF4B-00C04F79EFBC}") = "Tests", "Tests\Tests.csproj", "{0A643B45-A3E4-4C6E-A89E-448BD550285C}"
EndProject
Project("{FAE04EC0-301F-11D3-BF4B-00C04F79EFBC}") = "Models", "Models\Models.csproj", "{3536F22D-E6DA-4C43-80DE-A6BDD915DBA6}"
EndProject
Global
	GlobalSection(SolutionConfigurationPlatforms) = preSolution
		Debug|Any CPU = Debug|Any CPU
		Release|Any CPU = Release|Any CPU
	EndGlobalSection
	GlobalSection(ProjectConfigurationPlatforms) = postSolution
		{94751A31-DFBB-4E56-8CEC-27292C2BBDFD}.Debug|Any CPU.ActiveCfg = Debug|Any CPU
		{94751A31-DFBB-4E56-8CEC-27292C2BBDFD}.Debug|Any CPU.Build.0 = Debug|Any CPU
		{94751A31-DFBB-4E56-8CEC-27292C2BBDFD}.Release|Any CPU.ActiveCfg = Release|Any CPU
		{94751A31-DFBB-4E56-8CEC-27292C2BBDFD}.Release|Any CPU.Build.0 = Release|Any CPU
		{C3B5424F-6F62-4C93-8A66-013A4DCE4876}.Debug|Any CPU.ActiveCfg = Debug|Any CPU
		{C3B5424F-6F62-4C93-8A66-013A4DCE4876}.Debug|Any CPU.Build.0 = Debug|Any CPU
		{C3B5424F-6F62-4C93-8A66-013A4DCE4876}.Release|Any CPU.ActiveCfg = Release|Any CPU
		{C3B5424F-6F62-4C93-8A66-013A4DCE4876}.Release|Any CPU.Build.0 = Release|Any CPU
		{8F1278CE-4DE3-4D86-9923-3C025F55AA9B}.Debug|Any CPU.ActiveCfg = Debug|Any CPU
		{8F1278CE-4DE3-4D86-9923-3C025F55AA9B}.Debug|Any CPU.Build.0 = Debug|Any CPU
		{8F1278CE-4DE3-4D86-9923-3C025F55AA9B}.Release|Any CPU.ActiveCfg = Release|Any CPU
		{8F1278CE-4DE3-4D86-9923-3C025F55AA9B}.Release|Any CPU.Build.0 = Release|Any CPU
		{0A643B45-A3E4-4C6E-A89E-448BD550285C}.Debug|Any CPU.ActiveCfg = Debug|Any CPU
		{0A643B45-A3E4-4C6E-A89E-448BD550285C}.Debug|Any CPU.Build.0 = Debug|Any CPU
		{0A643B45-A3E4-4C6E-A89E-448BD550285C}.Release|Any CPU.ActiveCfg = Release|Any CPU
		{0A643B45-A3E4-4C6E-A89E-448BD550285C}.Release|Any CPU.Build.0 = Release|Any CPU
		{3536F22D-E6DA-4C43-80DE-A6BDD915DBA6}.Debug|Any CPU.ActiveCfg = Debug|Any CPU
		{3536F22D-E6DA-4C43-80DE-A6BDD915DBA6}.Debug|Any CPU.Build.0 = Debug|Any CPU
		{3536F22D-E6DA-4C43-80DE-A6BDD915DBA6}.Release|Any CPU.ActiveCfg = Release|Any CPU
		{3536F22D-E6DA-4C43-80DE-A6BDD915DBA6}.Release|Any CPU.Build.0 = Release|Any CPU
	EndGlobalSection
	GlobalSection(SolutionProperties) = preSolution
		HideSolutionNode = FALSE
	EndGlobalSection
EndGlobal
