
Microsoft Visual Studio Solution File, Format Version 12.00
# Visual Studio 14
VisualStudioVersion = 14.0.25123.0
MinimumVisualStudioVersion = 10.0.40219.1
Project("{FAE04EC0-301F-11D3-BF4B-00C04F79EFBC}") = "Polymorphism", "Polymorphism\Polymorphism.csproj", "{C1BFCFE9-05BB-4584-AEB5-07AE30F752C9}"
EndProject
Project("{FAE04EC0-301F-11D3-BF4B-00C04F79EFBC}") = "BasicInheritance", "BasicInheritance\BasicInheritance.csproj", "{B2CB177E-3EDD-46D9-B29A-2AB9D31BEF05}"
EndProject
Project("{FAE04EC0-301F-11D3-BF4B-00C04F79EFBC}") = "SystemDotObj", "SystemDotObj\SystemDotObj.csproj", "{C613C05A-05C6-4790-AF1E-B2485C322C96}"
EndProject
Project("{FAE04EC0-301F-11D3-BF4B-00C04F79EFBC}") = "MaskingAndBase", "MaskingAndBase\MaskingAndBase.csproj", "{07EF7457-62F9-492D-9EFA-6E42C7922758}"
EndProject
Global
	GlobalSection(SolutionConfigurationPlatforms) = preSolution
		Debug|Any CPU = Debug|Any CPU
		Release|Any CPU = Release|Any CPU
	EndGlobalSection
	GlobalSection(ProjectConfigurationPlatforms) = postSolution
		{C1BFCFE9-05BB-4584-AEB5-07AE30F752C9}.Debug|Any CPU.ActiveCfg = Debug|Any CPU
		{C1BFCFE9-05BB-4584-AEB5-07AE30F752C9}.Debug|Any CPU.Build.0 = Debug|Any CPU
		{C1BFCFE9-05BB-4584-AEB5-07AE30F752C9}.Release|Any CPU.ActiveCfg = Release|Any CPU
		{C1BFCFE9-05BB-4584-AEB5-07AE30F752C9}.Release|Any CPU.Build.0 = Release|Any CPU
		{B2CB177E-3EDD-46D9-B29A-2AB9D31BEF05}.Debug|Any CPU.ActiveCfg = Debug|Any CPU
		{B2CB177E-3EDD-46D9-B29A-2AB9D31BEF05}.Debug|Any CPU.Build.0 = Debug|Any CPU
		{B2CB177E-3EDD-46D9-B29A-2AB9D31BEF05}.Release|Any CPU.ActiveCfg = Release|Any CPU
		{B2CB177E-3EDD-46D9-B29A-2AB9D31BEF05}.Release|Any CPU.Build.0 = Release|Any CPU
		{C613C05A-05C6-4790-AF1E-B2485C322C96}.Debug|Any CPU.ActiveCfg = Debug|Any CPU
		{C613C05A-05C6-4790-AF1E-B2485C322C96}.Debug|Any CPU.Build.0 = Debug|Any CPU
		{C613C05A-05C6-4790-AF1E-B2485C322C96}.Release|Any CPU.ActiveCfg = Release|Any CPU
		{C613C05A-05C6-4790-AF1E-B2485C322C96}.Release|Any CPU.Build.0 = Release|Any CPU
		{07EF7457-62F9-492D-9EFA-6E42C7922758}.Debug|Any CPU.ActiveCfg = Debug|Any CPU
		{07EF7457-62F9-492D-9EFA-6E42C7922758}.Debug|Any CPU.Build.0 = Debug|Any CPU
		{07EF7457-62F9-492D-9EFA-6E42C7922758}.Release|Any CPU.ActiveCfg = Release|Any CPU
		{07EF7457-62F9-492D-9EFA-6E42C7922758}.Release|Any CPU.Build.0 = Release|Any CPU
	EndGlobalSection
	GlobalSection(SolutionProperties) = preSolution
		HideSolutionNode = FALSE
	EndGlobalSection
EndGlobal
