
Microsoft Visual Studio Solution File, Format Version 12.00
# Visual Studio 14
VisualStudioVersion = 14.0.25123.0
MinimumVisualStudioVersion = 10.0.40219.1
Project("{FAE04EC0-301F-11D3-BF4B-00C04F79EFBC}") = "WarmUps", "WarmUps\WarmUps.csproj", "{918A5DB4-8C2D-46D8-9923-A3B948F4E759}"
EndProject
Project("{FAE04EC0-301F-11D3-BF4B-00C04F79EFBC}") = "WarmUpsTest", "WarmUpsTest\WarmUpsTest.csproj", "{F7B5D1EF-9837-4B9C-A673-02164D0A054E}"
EndProject
Global
	GlobalSection(SolutionConfigurationPlatforms) = preSolution
		Debug|Any CPU = Debug|Any CPU
		Release|Any CPU = Release|Any CPU
	EndGlobalSection
	GlobalSection(ProjectConfigurationPlatforms) = postSolution
		{918A5DB4-8C2D-46D8-9923-A3B948F4E759}.Debug|Any CPU.ActiveCfg = Debug|Any CPU
		{918A5DB4-8C2D-46D8-9923-A3B948F4E759}.Debug|Any CPU.Build.0 = Debug|Any CPU
		{918A5DB4-8C2D-46D8-9923-A3B948F4E759}.Release|Any CPU.ActiveCfg = Release|Any CPU
		{918A5DB4-8C2D-46D8-9923-A3B948F4E759}.Release|Any CPU.Build.0 = Release|Any CPU
		{F7B5D1EF-9837-4B9C-A673-02164D0A054E}.Debug|Any CPU.ActiveCfg = Debug|Any CPU
		{F7B5D1EF-9837-4B9C-A673-02164D0A054E}.Debug|Any CPU.Build.0 = Debug|Any CPU
		{F7B5D1EF-9837-4B9C-A673-02164D0A054E}.Release|Any CPU.ActiveCfg = Release|Any CPU
		{F7B5D1EF-9837-4B9C-A673-02164D0A054E}.Release|Any CPU.Build.0 = Release|Any CPU
	EndGlobalSection
	GlobalSection(SolutionProperties) = preSolution
		HideSolutionNode = FALSE
	EndGlobalSection
EndGlobal
