
Microsoft Visual Studio Solution File, Format Version 12.00
# Visual Studio 14
VisualStudioVersion = 14.0.25123.0
MinimumVisualStudioVersion = 10.0.40219.1
Project("{FAE04EC0-301F-11D3-BF4B-00C04F79EFBC}") = "TaskListADO", "TaskListADO\TaskListADO.csproj", "{32A8B4A2-E3BC-4624-B1E7-C24A2EF73CEE}"
EndProject
Project("{FAE04EC0-301F-11D3-BF4B-00C04F79EFBC}") = "TaskListADO.Data", "TaskListADO.Data\TaskListADO.Data.csproj", "{2FB5A04D-084C-4F12-9C5B-2D8F3DDAA111}"
EndProject
Project("{FAE04EC0-301F-11D3-BF4B-00C04F79EFBC}") = "TaskListADO.Models", "TaskListADO.Models\TaskListADO.Models.csproj", "{BBC1C1C5-71E4-40B7-9DB8-D8201D2874D0}"
EndProject
Project("{FAE04EC0-301F-11D3-BF4B-00C04F79EFBC}") = "TaskListADO.web", "TaskListADO.web\TaskListADO.web.csproj", "{A7E530BC-E910-4E36-8281-F0D576073967}"
EndProject
Global
	GlobalSection(SolutionConfigurationPlatforms) = preSolution
		Debug|Any CPU = Debug|Any CPU
		Release|Any CPU = Release|Any CPU
	EndGlobalSection
	GlobalSection(ProjectConfigurationPlatforms) = postSolution
		{32A8B4A2-E3BC-4624-B1E7-C24A2EF73CEE}.Debug|Any CPU.ActiveCfg = Debug|Any CPU
		{32A8B4A2-E3BC-4624-B1E7-C24A2EF73CEE}.Debug|Any CPU.Build.0 = Debug|Any CPU
		{32A8B4A2-E3BC-4624-B1E7-C24A2EF73CEE}.Release|Any CPU.ActiveCfg = Release|Any CPU
		{32A8B4A2-E3BC-4624-B1E7-C24A2EF73CEE}.Release|Any CPU.Build.0 = Release|Any CPU
		{2FB5A04D-084C-4F12-9C5B-2D8F3DDAA111}.Debug|Any CPU.ActiveCfg = Debug|Any CPU
		{2FB5A04D-084C-4F12-9C5B-2D8F3DDAA111}.Debug|Any CPU.Build.0 = Debug|Any CPU
		{2FB5A04D-084C-4F12-9C5B-2D8F3DDAA111}.Release|Any CPU.ActiveCfg = Release|Any CPU
		{2FB5A04D-084C-4F12-9C5B-2D8F3DDAA111}.Release|Any CPU.Build.0 = Release|Any CPU
		{BBC1C1C5-71E4-40B7-9DB8-D8201D2874D0}.Debug|Any CPU.ActiveCfg = Debug|Any CPU
		{BBC1C1C5-71E4-40B7-9DB8-D8201D2874D0}.Debug|Any CPU.Build.0 = Debug|Any CPU
		{BBC1C1C5-71E4-40B7-9DB8-D8201D2874D0}.Release|Any CPU.ActiveCfg = Release|Any CPU
		{BBC1C1C5-71E4-40B7-9DB8-D8201D2874D0}.Release|Any CPU.Build.0 = Release|Any CPU
		{A7E530BC-E910-4E36-8281-F0D576073967}.Debug|Any CPU.ActiveCfg = Debug|Any CPU
		{A7E530BC-E910-4E36-8281-F0D576073967}.Debug|Any CPU.Build.0 = Debug|Any CPU
		{A7E530BC-E910-4E36-8281-F0D576073967}.Release|Any CPU.ActiveCfg = Release|Any CPU
		{A7E530BC-E910-4E36-8281-F0D576073967}.Release|Any CPU.Build.0 = Release|Any CPU
	EndGlobalSection
	GlobalSection(SolutionProperties) = preSolution
		HideSolutionNode = FALSE
	EndGlobalSection
EndGlobal
