
Microsoft Visual Studio Solution File, Format Version 12.00
# Visual Studio 14
VisualStudioVersion = 14.0.25123.0
MinimumVisualStudioVersion = 10.0.40219.1
Project("{FAE04EC0-301F-11D3-BF4B-00C04F79EFBC}") = "Flooring.UI", "Flooring.UI\Flooring.UI.csproj", "{F6D59D56-C81C-4DA7-BF37-39A66219453E}"
EndProject
Project("{FAE04EC0-301F-11D3-BF4B-00C04F79EFBC}") = "Flooring.BLL", "Flooring.BLL\Flooring.BLL.csproj", "{00B053A5-F9D3-4153-AEFE-DDDBEA20FAD7}"
EndProject
Project("{FAE04EC0-301F-11D3-BF4B-00C04F79EFBC}") = "Flooring.Models", "Flooring.Models\Flooring.Models.csproj", "{58614C9C-CC4A-4AF4-A3D9-D3FFBCE47AC8}"
EndProject
Project("{FAE04EC0-301F-11D3-BF4B-00C04F79EFBC}") = "Flooring.Data", "Flooring.Data\Flooring.Data.csproj", "{60A99045-D612-42F3-ABF0-1764E235D91A}"
EndProject
Project("{FAE04EC0-301F-11D3-BF4B-00C04F79EFBC}") = "Flooring.Test", "Flooring.Test\Flooring.Test.csproj", "{1E63E0F8-CC0D-4EA5-BFAC-55115C758888}"
EndProject
Global
	GlobalSection(SolutionConfigurationPlatforms) = preSolution
		Debug|Any CPU = Debug|Any CPU
		Release|Any CPU = Release|Any CPU
	EndGlobalSection
	GlobalSection(ProjectConfigurationPlatforms) = postSolution
		{F6D59D56-C81C-4DA7-BF37-39A66219453E}.Debug|Any CPU.ActiveCfg = Debug|Any CPU
		{F6D59D56-C81C-4DA7-BF37-39A66219453E}.Debug|Any CPU.Build.0 = Debug|Any CPU
		{F6D59D56-C81C-4DA7-BF37-39A66219453E}.Release|Any CPU.ActiveCfg = Release|Any CPU
		{F6D59D56-C81C-4DA7-BF37-39A66219453E}.Release|Any CPU.Build.0 = Release|Any CPU
		{00B053A5-F9D3-4153-AEFE-DDDBEA20FAD7}.Debug|Any CPU.ActiveCfg = Debug|Any CPU
		{00B053A5-F9D3-4153-AEFE-DDDBEA20FAD7}.Debug|Any CPU.Build.0 = Debug|Any CPU
		{00B053A5-F9D3-4153-AEFE-DDDBEA20FAD7}.Release|Any CPU.ActiveCfg = Release|Any CPU
		{00B053A5-F9D3-4153-AEFE-DDDBEA20FAD7}.Release|Any CPU.Build.0 = Release|Any CPU
		{58614C9C-CC4A-4AF4-A3D9-D3FFBCE47AC8}.Debug|Any CPU.ActiveCfg = Debug|Any CPU
		{58614C9C-CC4A-4AF4-A3D9-D3FFBCE47AC8}.Debug|Any CPU.Build.0 = Debug|Any CPU
		{58614C9C-CC4A-4AF4-A3D9-D3FFBCE47AC8}.Release|Any CPU.ActiveCfg = Release|Any CPU
		{58614C9C-CC4A-4AF4-A3D9-D3FFBCE47AC8}.Release|Any CPU.Build.0 = Release|Any CPU
		{60A99045-D612-42F3-ABF0-1764E235D91A}.Debug|Any CPU.ActiveCfg = Debug|Any CPU
		{60A99045-D612-42F3-ABF0-1764E235D91A}.Debug|Any CPU.Build.0 = Debug|Any CPU
		{60A99045-D612-42F3-ABF0-1764E235D91A}.Release|Any CPU.ActiveCfg = Release|Any CPU
		{60A99045-D612-42F3-ABF0-1764E235D91A}.Release|Any CPU.Build.0 = Release|Any CPU
		{1E63E0F8-CC0D-4EA5-BFAC-55115C758888}.Debug|Any CPU.ActiveCfg = Debug|Any CPU
		{1E63E0F8-CC0D-4EA5-BFAC-55115C758888}.Debug|Any CPU.Build.0 = Debug|Any CPU
		{1E63E0F8-CC0D-4EA5-BFAC-55115C758888}.Release|Any CPU.ActiveCfg = Release|Any CPU
		{1E63E0F8-CC0D-4EA5-BFAC-55115C758888}.Release|Any CPU.Build.0 = Release|Any CPU
	EndGlobalSection
	GlobalSection(SolutionProperties) = preSolution
		HideSolutionNode = FALSE
	EndGlobalSection
EndGlobal
